
Microsoft Visual Studio Solution File, Format Version 12.00
# Visual Studio Version 17
VisualStudioVersion = 17.6.33815.320
MinimumVisualStudioVersion = 10.0.40219.1
Project("{FAE04EC0-301F-11D3-BF4B-00C04F79EFBC}") = "Section2 1.13", "Section2 1.13.csproj", "{31331F2B-3817-4BB4-ABDB-12FE8FAB2041}"
EndProject
Project("{FAE04EC0-301F-11D3-BF4B-00C04F79EFBC}") = "Section2 1.13.Tests", "..\Section2 1.13.Tests\Section2 1.13.Tests.csproj", "{D0179D1C-8CBD-4EEF-888E-05229ADA0373}"
EndProject
Global
	GlobalSection(SolutionConfigurationPlatforms) = preSolution
		Debug|Any CPU = Debug|Any CPU
		Release|Any CPU = Release|Any CPU
	EndGlobalSection
	GlobalSection(ProjectConfigurationPlatforms) = postSolution
		{31331F2B-3817-4BB4-ABDB-12FE8FAB2041}.Debug|Any CPU.ActiveCfg = Debug|Any CPU
		{31331F2B-3817-4BB4-ABDB-12FE8FAB2041}.Debug|Any CPU.Build.0 = Debug|Any CPU
		{31331F2B-3817-4BB4-ABDB-12FE8FAB2041}.Release|Any CPU.ActiveCfg = Release|Any CPU
		{31331F2B-3817-4BB4-ABDB-12FE8FAB2041}.Release|Any CPU.Build.0 = Release|Any CPU
		{D0179D1C-8CBD-4EEF-888E-05229ADA0373}.Debug|Any CPU.ActiveCfg = Debug|Any CPU
		{D0179D1C-8CBD-4EEF-888E-05229ADA0373}.Debug|Any CPU.Build.0 = Debug|Any CPU
		{D0179D1C-8CBD-4EEF-888E-05229ADA0373}.Release|Any CPU.ActiveCfg = Release|Any CPU
		{D0179D1C-8CBD-4EEF-888E-05229ADA0373}.Release|Any CPU.Build.0 = Release|Any CPU
	EndGlobalSection
	GlobalSection(SolutionProperties) = preSolution
		HideSolutionNode = FALSE
	EndGlobalSection
	GlobalSection(ExtensibilityGlobals) = postSolution
		SolutionGuid = {DBE2753A-7217-46DF-AA58-C60AAFAF8DEB}
	EndGlobalSection
EndGlobal
