
Microsoft Visual Studio Solution File, Format Version 12.00
# Visual Studio Version 17
VisualStudioVersion = 17.6.33815.320
MinimumVisualStudioVersion = 10.0.40219.1
Project("{FAE04EC0-301F-11D3-BF4B-00C04F79EFBC}") = "Section2 1.19", "Section2 1.19.csproj", "{FA9C218F-DBB2-48C6-8CDB-FC0EA435BEC1}"
EndProject
Project("{FAE04EC0-301F-11D3-BF4B-00C04F79EFBC}") = "Section2 1.19.Tests", "..\Section2 1.19.Tests\Section2 1.19.Tests.csproj", "{F8BB306C-CA9B-4711-9306-94A34041F432}"
EndProject
Global
	GlobalSection(SolutionConfigurationPlatforms) = preSolution
		Debug|Any CPU = Debug|Any CPU
		Release|Any CPU = Release|Any CPU
	EndGlobalSection
	GlobalSection(ProjectConfigurationPlatforms) = postSolution
		{FA9C218F-DBB2-48C6-8CDB-FC0EA435BEC1}.Debug|Any CPU.ActiveCfg = Debug|Any CPU
		{FA9C218F-DBB2-48C6-8CDB-FC0EA435BEC1}.Debug|Any CPU.Build.0 = Debug|Any CPU
		{FA9C218F-DBB2-48C6-8CDB-FC0EA435BEC1}.Release|Any CPU.ActiveCfg = Release|Any CPU
		{FA9C218F-DBB2-48C6-8CDB-FC0EA435BEC1}.Release|Any CPU.Build.0 = Release|Any CPU
		{F8BB306C-CA9B-4711-9306-94A34041F432}.Debug|Any CPU.ActiveCfg = Debug|Any CPU
		{F8BB306C-CA9B-4711-9306-94A34041F432}.Debug|Any CPU.Build.0 = Debug|Any CPU
		{F8BB306C-CA9B-4711-9306-94A34041F432}.Release|Any CPU.ActiveCfg = Release|Any CPU
		{F8BB306C-CA9B-4711-9306-94A34041F432}.Release|Any CPU.Build.0 = Release|Any CPU
	EndGlobalSection
	GlobalSection(SolutionProperties) = preSolution
		HideSolutionNode = FALSE
	EndGlobalSection
	GlobalSection(ExtensibilityGlobals) = postSolution
		SolutionGuid = {F8DDDA94-5B4D-4ED8-B199-9D0EE72E1AB9}
	EndGlobalSection
EndGlobal
