
Microsoft Visual Studio Solution File, Format Version 12.00
# Visual Studio Version 17
VisualStudioVersion = 17.6.33815.320
MinimumVisualStudioVersion = 10.0.40219.1
Project("{FAE04EC0-301F-11D3-BF4B-00C04F79EFBC}") = "Section2 1.11", "Section2 1.11.csproj", "{503CF424-AE1C-45C8-BFE4-196230073392}"
EndProject
Project("{FAE04EC0-301F-11D3-BF4B-00C04F79EFBC}") = "Section2 1.11.Tests", "..\Section2 1.11.Tests\Section2 1.11.Tests.csproj", "{D3D239D8-70DC-4936-8F03-DC5E25CE1278}"
EndProject
Global
	GlobalSection(SolutionConfigurationPlatforms) = preSolution
		Debug|Any CPU = Debug|Any CPU
		Release|Any CPU = Release|Any CPU
	EndGlobalSection
	GlobalSection(ProjectConfigurationPlatforms) = postSolution
		{503CF424-AE1C-45C8-BFE4-196230073392}.Debug|Any CPU.ActiveCfg = Debug|Any CPU
		{503CF424-AE1C-45C8-BFE4-196230073392}.Debug|Any CPU.Build.0 = Debug|Any CPU
		{503CF424-AE1C-45C8-BFE4-196230073392}.Release|Any CPU.ActiveCfg = Release|Any CPU
		{503CF424-AE1C-45C8-BFE4-196230073392}.Release|Any CPU.Build.0 = Release|Any CPU
		{D3D239D8-70DC-4936-8F03-DC5E25CE1278}.Debug|Any CPU.ActiveCfg = Debug|Any CPU
		{D3D239D8-70DC-4936-8F03-DC5E25CE1278}.Debug|Any CPU.Build.0 = Debug|Any CPU
		{D3D239D8-70DC-4936-8F03-DC5E25CE1278}.Release|Any CPU.ActiveCfg = Release|Any CPU
		{D3D239D8-70DC-4936-8F03-DC5E25CE1278}.Release|Any CPU.Build.0 = Release|Any CPU
	EndGlobalSection
	GlobalSection(SolutionProperties) = preSolution
		HideSolutionNode = FALSE
	EndGlobalSection
	GlobalSection(ExtensibilityGlobals) = postSolution
		SolutionGuid = {6D7CE197-6DC6-45FD-AEDF-CCF1EC1A5D6F}
	EndGlobalSection
EndGlobal
