
Microsoft Visual Studio Solution File, Format Version 12.00
# Visual Studio Version 17
VisualStudioVersion = 17.6.33815.320
MinimumVisualStudioVersion = 10.0.40219.1
Project("{FAE04EC0-301F-11D3-BF4B-00C04F79EFBC}") = "Section2 1.14", "Section2 1.14.csproj", "{2D14F7DD-13C0-4312-8467-6611CE8E03CA}"
EndProject
Project("{FAE04EC0-301F-11D3-BF4B-00C04F79EFBC}") = "Section2 1.14.Tests", "..\Section2 1.14.Tests\Section2 1.14.Tests.csproj", "{CAB8CB8F-4175-49C3-8D55-64BC308CAD27}"
EndProject
Global
	GlobalSection(SolutionConfigurationPlatforms) = preSolution
		Debug|Any CPU = Debug|Any CPU
		Release|Any CPU = Release|Any CPU
	EndGlobalSection
	GlobalSection(ProjectConfigurationPlatforms) = postSolution
		{2D14F7DD-13C0-4312-8467-6611CE8E03CA}.Debug|Any CPU.ActiveCfg = Debug|Any CPU
		{2D14F7DD-13C0-4312-8467-6611CE8E03CA}.Debug|Any CPU.Build.0 = Debug|Any CPU
		{2D14F7DD-13C0-4312-8467-6611CE8E03CA}.Release|Any CPU.ActiveCfg = Release|Any CPU
		{2D14F7DD-13C0-4312-8467-6611CE8E03CA}.Release|Any CPU.Build.0 = Release|Any CPU
		{CAB8CB8F-4175-49C3-8D55-64BC308CAD27}.Debug|Any CPU.ActiveCfg = Debug|Any CPU
		{CAB8CB8F-4175-49C3-8D55-64BC308CAD27}.Debug|Any CPU.Build.0 = Debug|Any CPU
		{CAB8CB8F-4175-49C3-8D55-64BC308CAD27}.Release|Any CPU.ActiveCfg = Release|Any CPU
		{CAB8CB8F-4175-49C3-8D55-64BC308CAD27}.Release|Any CPU.Build.0 = Release|Any CPU
	EndGlobalSection
	GlobalSection(SolutionProperties) = preSolution
		HideSolutionNode = FALSE
	EndGlobalSection
	GlobalSection(ExtensibilityGlobals) = postSolution
		SolutionGuid = {141B86C5-A348-49BC-BA87-8B7413C066CF}
	EndGlobalSection
EndGlobal
